
Microsoft Visual Studio Solution File, Format Version 12.00
# Visual Studio 15
VisualStudioVersion = 15.0.26730.12
MinimumVisualStudioVersion = 10.0.40219.1
Project("{FAE04EC0-301F-11D3-BF4B-00C04F79EFBC}") = "Ejercicio3", "Ejercicio3\Ejercicio3.csproj", "{265579AD-DC2B-4609-B14A-3437C4B3F6AE}"
EndProject
Global
	GlobalSection(SolutionConfigurationPlatforms) = preSolution
		Debug|Any CPU = Debug|Any CPU
		Release|Any CPU = Release|Any CPU
	EndGlobalSection
	GlobalSection(ProjectConfigurationPlatforms) = postSolution
		{265579AD-DC2B-4609-B14A-3437C4B3F6AE}.Debug|Any CPU.ActiveCfg = Debug|Any CPU
		{265579AD-DC2B-4609-B14A-3437C4B3F6AE}.Debug|Any CPU.Build.0 = Debug|Any CPU
		{265579AD-DC2B-4609-B14A-3437C4B3F6AE}.Release|Any CPU.ActiveCfg = Release|Any CPU
		{265579AD-DC2B-4609-B14A-3437C4B3F6AE}.Release|Any CPU.Build.0 = Release|Any CPU
	EndGlobalSection
	GlobalSection(SolutionProperties) = preSolution
		HideSolutionNode = FALSE
	EndGlobalSection
	GlobalSection(ExtensibilityGlobals) = postSolution
		SolutionGuid = {7D7E8846-367D-4799-ADC1-5BAAA24608AA}
	EndGlobalSection
EndGlobal
